
Microsoft Visual Studio Solution File, Format Version 12.00
Project("{FAE04EC0-301F-11D3-BF4B-00C04F79EFBC}") = "EpiSource.KeePass.Ekf", "EpiSource.KeePass.Ekf\EpiSource.KeePass.Ekf.csproj", "{A21A2A47-507F-47DB-B8BC-C1BE133B8632}"
EndProject
Global
	GlobalSection(SolutionConfigurationPlatforms) = preSolution
		Debug|Any CPU = Debug|Any CPU
		Release|Any CPU = Release|Any CPU
		DebugNoUnblocker|Any CPU = DebugNoUnblocker|Any CPU
		ReleaseUnblockerInstallUtil|Any CPU = ReleaseUnblockerInstallUtil|Any CPU
		DebugUnblockerInstallUtil|Any CPU = DebugUnblockerInstallUtil|Any CPU
	EndGlobalSection
	GlobalSection(ProjectConfigurationPlatforms) = postSolution
		{A21A2A47-507F-47DB-B8BC-C1BE133B8632}.Debug|Any CPU.ActiveCfg = Debug|Any CPU
		{A21A2A47-507F-47DB-B8BC-C1BE133B8632}.Debug|Any CPU.Build.0 = Debug|Any CPU
		{A21A2A47-507F-47DB-B8BC-C1BE133B8632}.Release|Any CPU.ActiveCfg = Release|Any CPU
		{A21A2A47-507F-47DB-B8BC-C1BE133B8632}.Release|Any CPU.Build.0 = Release|Any CPU
		{A21A2A47-507F-47DB-B8BC-C1BE133B8632}.DebugUnblockerInstallUtil|Any CPU.ActiveCfg = DebugUnblockerInstallUtil|Any CPU
		{A21A2A47-507F-47DB-B8BC-C1BE133B8632}.DebugUnblockerInstallUtil|Any CPU.Build.0 = DebugUnblockerInstallUtil|Any CPU
		{A21A2A47-507F-47DB-B8BC-C1BE133B8632}.DebugNoUnblocker|Any CPU.ActiveCfg = DebugNoUnblocker|Any CPU
		{A21A2A47-507F-47DB-B8BC-C1BE133B8632}.DebugNoUnblocker|Any CPU.Build.0 = DebugNoUnblocker|Any CPU
		{A21A2A47-507F-47DB-B8BC-C1BE133B8632}.ReleaseUnblockerInstallUtil|Any CPU.ActiveCfg = ReleaseUnblockerInstallUtil|Any CPU
		{A21A2A47-507F-47DB-B8BC-C1BE133B8632}.ReleaseUnblockerInstallUtil|Any CPU.Build.0 = ReleaseUnblockerInstallUtil|Any CPU
	EndGlobalSection
EndGlobal
